{
  "name": "node-modules-caching",
  "version": "1.0.0",
  "lockfileVersion": 3,
  "requires": true,
  "packages": {
    "": {
      "name": "node-modules-caching",
      "version": "1.0.0",
      "license": "ISC",
      "dependencies": {
        "just-capitalize": "^3.2.0"
      }
    },
    "node_modules/just-capitalize": {
      "version": "3.2.0",
      "resolved": "https://registry.npmjs.org/just-capitalize/-/just-capitalize-3.2.0.tgz",
      "integrity": "sha512-FK8U9A5AHCIGxlEXg3RFJkb9Nz/fS9luJlrfRf0bFBZU6xnIQ6tbwl+HitMJLwCFszZqVaXQcyeoy8/PYABS6A==",
      "license": "MIT"
    }
  }
}
